github.com/gorilla/mux v1.7.4/go.mod h1:DVbg23sWSpFRCP0SfiEN6jmj59UnW/n46BH5rLB71So=
github.com/siddhant94/BidderService v0.0.0-20200310133712-2fcf05edb26d h1:HJz9HlgUzxWJ2qK0iFN18lJqYfNonYvIjff1IuiMgU4=
github.com/siddhant94/BidderService v0.0.0-20200310133712-2fcf05edb26d/go.mod h1:l3y1vLb7DjuXiMMUaItsH2JzphQaaDt72MCGEFYVR3M=
